
Microsoft Visual Studio Solution File, Format Version 12.00
# Visual Studio 15
Project("{FAE04EC0-301F-11D3-BF4B-00C04F79EFBC}") = "GC_Capstone_TaskManager", "GC_Capstone_TaskManager\GC_Capstone_TaskManager.csproj", "{7F8059CA-C9B0-4E45-863E-DF7CD335CE7E}"
EndProject
Global
	GlobalSection(SolutionConfigurationPlatforms) = preSolution
		Debug|Any CPU = Debug|Any CPU
		Release|Any CPU = Release|Any CPU
	EndGlobalSection
	GlobalSection(ProjectConfigurationPlatforms) = postSolution
		{7F8059CA-C9B0-4E45-863E-DF7CD335CE7E}.Debug|Any CPU.ActiveCfg = Debug|Any CPU
		{7F8059CA-C9B0-4E45-863E-DF7CD335CE7E}.Debug|Any CPU.Build.0 = Debug|Any CPU
		{7F8059CA-C9B0-4E45-863E-DF7CD335CE7E}.Release|Any CPU.ActiveCfg = Release|Any CPU
		{7F8059CA-C9B0-4E45-863E-DF7CD335CE7E}.Release|Any CPU.Build.0 = Release|Any CPU
	EndGlobalSection
EndGlobal
